
Microsoft Visual Studio Solution File, Format Version 12.00
# Visual Studio Version 17
VisualStudioVersion = 17.0.31903.59
MinimumVisualStudioVersion = 10.0.40219.1
Project("{2150E333-8FDC-42A3-9474-1A3956D46DE8}") = "src", "src", "{A649016C-ACF2-4508-AD3D-DFCA197DE542}"
EndProject
Project("{2150E333-8FDC-42A3-9474-1A3956D46DE8}") = "test", "test", "{151F8B90-C0AB-408A-B647-FE015C46B989}"
EndProject
Project("{FAE04EC0-301F-11D3-BF4B-00C04F79EFBC}") = "Arrays", "Arrays\Arrays.csproj", "{80C64039-A86C-4267-9A0F-245D30876365}"
EndProject
Project("{FAE04EC0-301F-11D3-BF4B-00C04F79EFBC}") = "ArraysTests", "ArraysTests\ArraysTests.csproj", "{6F379591-1D78-43C1-873D-B41C42139A74}"
EndProject
Global
	GlobalSection(SolutionConfigurationPlatforms) = preSolution
		Debug|Any CPU = Debug|Any CPU
		Release|Any CPU = Release|Any CPU
	EndGlobalSection
	GlobalSection(SolutionProperties) = preSolution
		HideSolutionNode = FALSE
	EndGlobalSection
	GlobalSection(NestedProjects) = preSolution
		{80C64039-A86C-4267-9A0F-245D30876365} = {A649016C-ACF2-4508-AD3D-DFCA197DE542}
		{6F379591-1D78-43C1-873D-B41C42139A74} = {151F8B90-C0AB-408A-B647-FE015C46B989}
	EndGlobalSection
	GlobalSection(ProjectConfigurationPlatforms) = postSolution
		{80C64039-A86C-4267-9A0F-245D30876365}.Debug|Any CPU.ActiveCfg = Debug|Any CPU
		{80C64039-A86C-4267-9A0F-245D30876365}.Debug|Any CPU.Build.0 = Debug|Any CPU
		{80C64039-A86C-4267-9A0F-245D30876365}.Release|Any CPU.ActiveCfg = Release|Any CPU
		{80C64039-A86C-4267-9A0F-245D30876365}.Release|Any CPU.Build.0 = Release|Any CPU
		{6F379591-1D78-43C1-873D-B41C42139A74}.Debug|Any CPU.ActiveCfg = Debug|Any CPU
		{6F379591-1D78-43C1-873D-B41C42139A74}.Debug|Any CPU.Build.0 = Debug|Any CPU
		{6F379591-1D78-43C1-873D-B41C42139A74}.Release|Any CPU.ActiveCfg = Release|Any CPU
		{6F379591-1D78-43C1-873D-B41C42139A74}.Release|Any CPU.Build.0 = Release|Any CPU
	EndGlobalSection
EndGlobal
